
Microsoft Visual Studio Solution File, Format Version 12.00
# Visual Studio Version 17
VisualStudioVersion = 17.8.34408.163
MinimumVisualStudioVersion = 10.0.40219.1
Project("{FAE04EC0-301F-11D3-BF4B-00C04F79EFBC}") = "Maze.API", "Maze.API\Maze.API.csproj", "{A7399263-4804-4DE2-BBE2-1928BA7B9B05}"
EndProject
Project("{FAE04EC0-301F-11D3-BF4B-00C04F79EFBC}") = "Maze.Application", "Maze.Application\Maze.Application.csproj", "{FE016E15-8C44-420D-B451-E83B94438E02}"
EndProject
Project("{FAE04EC0-301F-11D3-BF4B-00C04F79EFBC}") = "Maze.Domain", "Maze.Domain\Maze.Domain.csproj", "{04C95061-375F-447C-8275-C75A5EB03F0C}"
EndProject
Project("{FAE04EC0-301F-11D3-BF4B-00C04F79EFBC}") = "Maze.Infrasetructure", "Maze.Infrasetructure\Maze.Infrasetructure.csproj", "{E3F3C236-2211-4D50-A40C-18618839D696}"
EndProject
Global
	GlobalSection(SolutionConfigurationPlatforms) = preSolution
		Debug|Any CPU = Debug|Any CPU
		Release|Any CPU = Release|Any CPU
	EndGlobalSection
	GlobalSection(ProjectConfigurationPlatforms) = postSolution
		{A7399263-4804-4DE2-BBE2-1928BA7B9B05}.Debug|Any CPU.ActiveCfg = Debug|Any CPU
		{A7399263-4804-4DE2-BBE2-1928BA7B9B05}.Debug|Any CPU.Build.0 = Debug|Any CPU
		{A7399263-4804-4DE2-BBE2-1928BA7B9B05}.Release|Any CPU.ActiveCfg = Release|Any CPU
		{A7399263-4804-4DE2-BBE2-1928BA7B9B05}.Release|Any CPU.Build.0 = Release|Any CPU
		{FE016E15-8C44-420D-B451-E83B94438E02}.Debug|Any CPU.ActiveCfg = Debug|Any CPU
		{FE016E15-8C44-420D-B451-E83B94438E02}.Debug|Any CPU.Build.0 = Debug|Any CPU
		{FE016E15-8C44-420D-B451-E83B94438E02}.Release|Any CPU.ActiveCfg = Release|Any CPU
		{FE016E15-8C44-420D-B451-E83B94438E02}.Release|Any CPU.Build.0 = Release|Any CPU
		{04C95061-375F-447C-8275-C75A5EB03F0C}.Debug|Any CPU.ActiveCfg = Debug|Any CPU
		{04C95061-375F-447C-8275-C75A5EB03F0C}.Debug|Any CPU.Build.0 = Debug|Any CPU
		{04C95061-375F-447C-8275-C75A5EB03F0C}.Release|Any CPU.ActiveCfg = Release|Any CPU
		{04C95061-375F-447C-8275-C75A5EB03F0C}.Release|Any CPU.Build.0 = Release|Any CPU
		{E3F3C236-2211-4D50-A40C-18618839D696}.Debug|Any CPU.ActiveCfg = Debug|Any CPU
		{E3F3C236-2211-4D50-A40C-18618839D696}.Debug|Any CPU.Build.0 = Debug|Any CPU
		{E3F3C236-2211-4D50-A40C-18618839D696}.Release|Any CPU.ActiveCfg = Release|Any CPU
		{E3F3C236-2211-4D50-A40C-18618839D696}.Release|Any CPU.Build.0 = Release|Any CPU
	EndGlobalSection
	GlobalSection(SolutionProperties) = preSolution
		HideSolutionNode = FALSE
	EndGlobalSection
	GlobalSection(ExtensibilityGlobals) = postSolution
		SolutionGuid = {873D6E1C-9C57-4E0D-B563-71C2F3C10C19}
	EndGlobalSection
EndGlobal
